
Microsoft Visual Studio Solution File, Format Version 12.00
# Visual Studio 15
VisualStudioVersion = 15.0.28307.271
MinimumVisualStudioVersion = 10.0.40219.1
Project("{FAE04EC0-301F-11D3-BF4B-00C04F79EFBC}") = "CategoryService", "CategoryService\CategoryService.csproj", "{B0368193-CDDD-4363-9700-B2D6E6F97CC6}"
EndProject
Global
	GlobalSection(SolutionConfigurationPlatforms) = preSolution
		Debug|Any CPU = Debug|Any CPU
		Release|Any CPU = Release|Any CPU
	EndGlobalSection
	GlobalSection(ProjectConfigurationPlatforms) = postSolution
		{B0368193-CDDD-4363-9700-B2D6E6F97CC6}.Debug|Any CPU.ActiveCfg = Debug|Any CPU
		{B0368193-CDDD-4363-9700-B2D6E6F97CC6}.Debug|Any CPU.Build.0 = Debug|Any CPU
		{B0368193-CDDD-4363-9700-B2D6E6F97CC6}.Release|Any CPU.ActiveCfg = Release|Any CPU
		{B0368193-CDDD-4363-9700-B2D6E6F97CC6}.Release|Any CPU.Build.0 = Release|Any CPU
	EndGlobalSection
	GlobalSection(SolutionProperties) = preSolution
		HideSolutionNode = FALSE
	EndGlobalSection
	GlobalSection(ExtensibilityGlobals) = postSolution
		SolutionGuid = {60A318BF-8F18-43A4-ADD1-260297C13EDF}
	EndGlobalSection
EndGlobal
